
Microsoft Visual Studio Solution File, Format Version 12.00
Project("{FAE04EC0-301F-11D3-BF4B-00C04F79EFBC}") = "APBD-Projekt", "APBD-Projekt\APBD-Projekt.csproj", "{28ADC299-B7B0-4C1C-ABD5-864BD981CB38}"
EndProject
Global
	GlobalSection(SolutionConfigurationPlatforms) = preSolution
		Debug|Any CPU = Debug|Any CPU
		Release|Any CPU = Release|Any CPU
	EndGlobalSection
	GlobalSection(ProjectConfigurationPlatforms) = postSolution
		{28ADC299-B7B0-4C1C-ABD5-864BD981CB38}.Debug|Any CPU.ActiveCfg = Debug|Any CPU
		{28ADC299-B7B0-4C1C-ABD5-864BD981CB38}.Debug|Any CPU.Build.0 = Debug|Any CPU
		{28ADC299-B7B0-4C1C-ABD5-864BD981CB38}.Release|Any CPU.ActiveCfg = Release|Any CPU
		{28ADC299-B7B0-4C1C-ABD5-864BD981CB38}.Release|Any CPU.Build.0 = Release|Any CPU
	EndGlobalSection
EndGlobal
